
Microsoft Visual Studio Solution File, Format Version 12.00
# Visual Studio Version 16
VisualStudioVersion = 16.0.31515.178
MinimumVisualStudioVersion = 10.0.40219.1
Project("{8BC9CEB8-8B4A-11D0-8D11-00A0C91BC942}") = "2ndproject", "2ndproject\2ndproject.vcxproj", "{2A28CEAB-837B-4C74-B241-91BB2F50F782}"
EndProject
Global
	GlobalSection(SolutionConfigurationPlatforms) = preSolution
		Debug|x64 = Debug|x64
		Debug|x86 = Debug|x86
		Release|x64 = Release|x64
		Release|x86 = Release|x86
	EndGlobalSection
	GlobalSection(ProjectConfigurationPlatforms) = postSolution
		{2A28CEAB-837B-4C74-B241-91BB2F50F782}.Debug|x64.ActiveCfg = Debug|x64
		{2A28CEAB-837B-4C74-B241-91BB2F50F782}.Debug|x64.Build.0 = Debug|x64
		{2A28CEAB-837B-4C74-B241-91BB2F50F782}.Debug|x86.ActiveCfg = Debug|Win32
		{2A28CEAB-837B-4C74-B241-91BB2F50F782}.Debug|x86.Build.0 = Debug|Win32
		{2A28CEAB-837B-4C74-B241-91BB2F50F782}.Release|x64.ActiveCfg = Release|x64
		{2A28CEAB-837B-4C74-B241-91BB2F50F782}.Release|x64.Build.0 = Release|x64
		{2A28CEAB-837B-4C74-B241-91BB2F50F782}.Release|x86.ActiveCfg = Release|Win32
		{2A28CEAB-837B-4C74-B241-91BB2F50F782}.Release|x86.Build.0 = Release|Win32
	EndGlobalSection
	GlobalSection(SolutionProperties) = preSolution
		HideSolutionNode = FALSE
	EndGlobalSection
	GlobalSection(ExtensibilityGlobals) = postSolution
		SolutionGuid = {DAABF76D-7EDF-496A-9468-EA94F9C3094D}
	EndGlobalSection
EndGlobal
