
Microsoft Visual Studio Solution File, Format Version 12.00
# Visual Studio Version 16
VisualStudioVersion = 16.0.30907.101
MinimumVisualStudioVersion = 10.0.40219.1
Project("{8BC9CEB8-8B4A-11D0-8D11-00A0C91BC942}") = "monday ya", "monday ya\monday ya.vcxproj", "{2483892C-0F28-42EC-9372-CA63976A73AC}"
EndProject
Global
	GlobalSection(SolutionConfigurationPlatforms) = preSolution
		Debug|x64 = Debug|x64
		Debug|x86 = Debug|x86
		Release|x64 = Release|x64
		Release|x86 = Release|x86
	EndGlobalSection
	GlobalSection(ProjectConfigurationPlatforms) = postSolution
		{2483892C-0F28-42EC-9372-CA63976A73AC}.Debug|x64.ActiveCfg = Debug|x64
		{2483892C-0F28-42EC-9372-CA63976A73AC}.Debug|x64.Build.0 = Debug|x64
		{2483892C-0F28-42EC-9372-CA63976A73AC}.Debug|x86.ActiveCfg = Debug|Win32
		{2483892C-0F28-42EC-9372-CA63976A73AC}.Debug|x86.Build.0 = Debug|Win32
		{2483892C-0F28-42EC-9372-CA63976A73AC}.Release|x64.ActiveCfg = Release|x64
		{2483892C-0F28-42EC-9372-CA63976A73AC}.Release|x64.Build.0 = Release|x64
		{2483892C-0F28-42EC-9372-CA63976A73AC}.Release|x86.ActiveCfg = Release|Win32
		{2483892C-0F28-42EC-9372-CA63976A73AC}.Release|x86.Build.0 = Release|Win32
	EndGlobalSection
	GlobalSection(SolutionProperties) = preSolution
		HideSolutionNode = FALSE
	EndGlobalSection
	GlobalSection(ExtensibilityGlobals) = postSolution
		SolutionGuid = {FD0DA996-8C41-4D42-B914-10B087342D45}
	EndGlobalSection
EndGlobal
